
Microsoft Visual Studio Solution File, Format Version 12.00
# Visual Studio Version 16
VisualStudioVersion = 16.0.30011.22
MinimumVisualStudioVersion = 10.0.40219.1
Project("{FAE04EC0-301F-11D3-BF4B-00C04F79EFBC}") = "Calculator", "Calculator\Calculator.csproj", "{F9E24186-2546-45B1-8264-5318A0F728EC}"
EndProject
Project("{FAE04EC0-301F-11D3-BF4B-00C04F79EFBC}") = "CalculatorTests", "CalculatorTests\CalculatorTests.csproj", "{0B2557A5-92E5-4108-BBFB-EFCB3630C803}"
EndProject
Global
	GlobalSection(SolutionConfigurationPlatforms) = preSolution
		Debug|Any CPU = Debug|Any CPU
		Release|Any CPU = Release|Any CPU
	EndGlobalSection
	GlobalSection(ProjectConfigurationPlatforms) = postSolution
		{F9E24186-2546-45B1-8264-5318A0F728EC}.Debug|Any CPU.ActiveCfg = Debug|Any CPU
		{F9E24186-2546-45B1-8264-5318A0F728EC}.Debug|Any CPU.Build.0 = Debug|Any CPU
		{F9E24186-2546-45B1-8264-5318A0F728EC}.Release|Any CPU.ActiveCfg = Release|Any CPU
		{F9E24186-2546-45B1-8264-5318A0F728EC}.Release|Any CPU.Build.0 = Release|Any CPU
		{0B2557A5-92E5-4108-BBFB-EFCB3630C803}.Debug|Any CPU.ActiveCfg = Debug|Any CPU
		{0B2557A5-92E5-4108-BBFB-EFCB3630C803}.Debug|Any CPU.Build.0 = Debug|Any CPU
		{0B2557A5-92E5-4108-BBFB-EFCB3630C803}.Release|Any CPU.ActiveCfg = Release|Any CPU
		{0B2557A5-92E5-4108-BBFB-EFCB3630C803}.Release|Any CPU.Build.0 = Release|Any CPU
	EndGlobalSection
	GlobalSection(SolutionProperties) = preSolution
		HideSolutionNode = FALSE
	EndGlobalSection
	GlobalSection(ExtensibilityGlobals) = postSolution
		SolutionGuid = {A6122F99-4445-42AF-B457-45D67EE6B278}
	EndGlobalSection
EndGlobal
